[{<<"jiffy">>,
  {git,"git://github.com/davisp/jiffy.git",
       {ref,"ee8b48cb448a999e1fddbb5e2e32e7dfe33acf5c"}},
  0},
 {<<"jsone">>,
  {git,"git@github.com:sile/jsone.git",
       {ref,"5f36206b9ef454b66970f9f783c16999013bb608"}},
  0},
 {<<"jsx">>,
  {git,"git://github.com/talentdeficit/jsx.git",
       {ref,"45ffea21a6863c58fb7da1f937e868916ff68b27"}},
  0},
 {<<"mochijson2">>,
  {git,"git://github.com/bjnortier/mochijson2.git",
       {ref,"e162b7f5be57b8a1fcf5cc99aa4948864af42bba"}},
  0},
 {<<"yawsjson2">>,
  {git,"git://github.com/spawnproc/yawsjson2",
       {ref,"863b7476b4bf7615b578316670c3bd7f04e0048f"}},
  0}].
